// !$*UTF8*$!
{
	archiveVersion = 1;
	classes = {
	};
	objectVersion = 55;
	objects = {

/* Begin PBXBuildFile section */
		70343F1F298616FF00810D4C /* FollowerListVC.swift in Sources */ = {isa = PBXBuildFile; fileRef = 70343F1E298616FF00810D4C /* FollowerListVC.swift */; };
		706813C72986D4DD00AD1E37 /* GFTitleLabel.swift in Sources */ = {isa = PBXBuildFile; fileRef = 706813C62986D4DD00AD1E37 /* GFTitleLabel.swift */; };
		706813C92986D64E00AD1E37 /* GFBodyLabel.swift in Sources */ = {isa = PBXBuildFile; fileRef = 706813C82986D64E00AD1E37 /* GFBodyLabel.swift */; };
		706813CB2986D75B00AD1E37 /* GFAlertVC.swift in Sources */ = {isa = PBXBuildFile; fileRef = 706813CA2986D75B00AD1E37 /* GFAlertVC.swift */; };
		706813CD2986FAE900AD1E37 /* UiViewController+Ext.swift in Sources */ = {isa = PBXBuildFile; fileRef = 706813CC2986FAE900AD1E37 /* UiViewController+Ext.swift */; };
		706813D32986FEAD00AD1E37 /* GFContainerView.swift in Sources */ = {isa = PBXBuildFile; fileRef = 706813D22986FEAD00AD1E37 /* GFContainerView.swift */; };
		70D7210729857B820076055B /* AppDelegate.swift in Sources */ = {isa = PBXBuildFile; fileRef = 70D7210629857B820076055B /* AppDelegate.swift */; };
		70D7210929857B820076055B /* SceneDelegate.swift in Sources */ = {isa = PBXBuildFile; fileRef = 70D7210829857B820076055B /* SceneDelegate.swift */; };
		70D7211029857B840076055B /* Assets.xcassets in Resources */ = {isa = PBXBuildFile; fileRef = 70D7210F29857B840076055B /* Assets.xcassets */; };
		70D7211329857B840076055B /* LaunchScreen.storyboard in Resources */ = {isa = PBXBuildFile; fileRef = 70D7211129857B840076055B /* LaunchScreen.storyboard */; };
		70D7211B298580CE0076055B /* SearchVC.swift in Sources */ = {isa = PBXBuildFile; fileRef = 70D7211A298580CE0076055B /* SearchVC.swift */; };
		70D7211D298580F80076055B /* FavoritesListVC.swift in Sources */ = {isa = PBXBuildFile; fileRef = 70D7211C298580F80076055B /* FavoritesListVC.swift */; };
		70D7211F29858A700076055B /* GFButton.swift in Sources */ = {isa = PBXBuildFile; fileRef = 70D7211E29858A700076055B /* GFButton.swift */; };
		70D7212129858CFA0076055B /* GFTextField.swift in Sources */ = {isa = PBXBuildFile; fileRef = 70D7212029858CFA0076055B /* GFTextField.swift */; };
/* End PBXBuildFile section */

/* Begin PBXFileReference section */
		70343F1E298616FF00810D4C /* FollowerListVC.swift */ = {isa = PBXFileReference; lastKnownFileType = sourcecode.swift; path = FollowerListVC.swift; sourceTree = "<group>"; };
		706813C62986D4DD00AD1E37 /* GFTitleLabel.swift */ = {isa = PBXFileReference; lastKnownFileType = sourcecode.swift; path = GFTitleLabel.swift; sourceTree = "<group>"; };
		706813C82986D64E00AD1E37 /* GFBodyLabel.swift */ = {isa = PBXFileReference; lastKnownFileType = sourcecode.swift; path = GFBodyLabel.swift; sourceTree = "<group>"; };
		706813CA2986D75B00AD1E37 /* GFAlertVC.swift */ = {isa = PBXFileReference; lastKnownFileType = sourcecode.swift; path = GFAlertVC.swift; sourceTree = "<group>"; };
		706813CC2986FAE900AD1E37 /* UiViewController+Ext.swift */ = {isa = PBXFileReference; lastKnownFileType = sourcecode.swift; path = "UiViewController+Ext.swift"; sourceTree = "<group>"; };
		706813D22986FEAD00AD1E37 /* GFContainerView.swift */ = {isa = PBXFileReference; lastKnownFileType = sourcecode.swift; path = GFContainerView.swift; sourceTree = "<group>"; };
		70D7210329857B820076055B /* GHFollowers.app */ = {isa = PBXFileReference; explicitFileType = wrapper.application; includeInIndex = 0; path = GHFollowers.app; sourceTree = BUILT_PRODUCTS_DIR; };
		70D7210629857B820076055B /* AppDelegate.swift */ = {isa = PBXFileReference; lastKnownFileType = sourcecode.swift; path = AppDelegate.swift; sourceTree = "<group>"; };
		70D7210829857B820076055B /* SceneDelegate.swift */ = {isa = PBXFileReference; lastKnownFileType = sourcecode.swift; path = SceneDelegate.swift; sourceTree = "<group>"; };
		70D7210F29857B840076055B /* Assets.xcassets */ = {isa = PBXFileReference; lastKnownFileType = folder.assetcatalog; path = Assets.xcassets; sourceTree = "<group>"; };
		70D7211229857B840076055B /* Base */ = {isa = PBXFileReference; lastKnownFileType = file.storyboard; name = Base; path = Base.lproj/LaunchScreen.storyboard; sourceTree = "<group>"; };
		70D7211429857B840076055B /* Info.plist */ = {isa = PBXFileReference; lastKnownFileType = text.plist.xml; path = Info.plist; sourceTree = "<group>"; };
		70D7211A298580CE0076055B /* SearchVC.swift */ = {isa = PBXFileReference; lastKnownFileType = sourcecode.swift; path = SearchVC.swift; sourceTree = "<group>"; };
		70D7211C298580F80076055B /* FavoritesListVC.swift */ = {isa = PBXFileReference; lastKnownFileType = sourcecode.swift; path = FavoritesListVC.swift; sourceTree = "<group>"; };
		70D7211E29858A700076055B /* GFButton.swift */ = {isa = PBXFileReference; lastKnownFileType = sourcecode.swift; path = GFButton.swift; sourceTree = "<group>"; };
		70D7212029858CFA0076055B /* GFTextField.swift */ = {isa = PBXFileReference; lastKnownFileType = sourcecode.swift; path = GFTextField.swift; sourceTree = "<group>"; };
/* End PBXFileReference section */

/* Begin PBXFrameworksBuildPhase section */
		70D7210029857B820076055B /* Frameworks */ = {
			isa = PBXFrameworksBuildPhase;
			buildActionMask = 2147483647;
			files = (
			);
			runOnlyForDeploymentPostprocessing = 0;
		};
/* End PBXFrameworksBuildPhase section */

/* Begin PBXGroup section */
		706813CE2986FC9600AD1E37 /* Screens */ = {
			isa = PBXGroup;
			children = (
				70343F1E298616FF00810D4C /* FollowerListVC.swift */,
				70D7211C298580F80076055B /* FavoritesListVC.swift */,
				70D7211A298580CE0076055B /* SearchVC.swift */,
			);
			path = Screens;
			sourceTree = "<group>";
		};
		706813CF2986FCAC00AD1E37 /* Custom Views */ = {
			isa = PBXGroup;
			children = (
				706813CA2986D75B00AD1E37 /* GFAlertVC.swift */,
				70D7211E29858A700076055B /* GFButton.swift */,
				706813C62986D4DD00AD1E37 /* GFTitleLabel.swift */,
				706813C82986D64E00AD1E37 /* GFBodyLabel.swift */,
				70D7212029858CFA0076055B /* GFTextField.swift */,
				706813D22986FEAD00AD1E37 /* GFContainerView.swift */,
			);
			path = "Custom Views";
			sourceTree = "<group>";
		};
		706813D02986FCE600AD1E37 /* Extensions */ = {
			isa = PBXGroup;
			children = (
				706813CC2986FAE900AD1E37 /* UiViewController+Ext.swift */,
			);
			path = Extensions;
			sourceTree = "<group>";
		};
		706813D12986FD4500AD1E37 /* Support */ = {
			isa = PBXGroup;
			children = (
				70D7210629857B820076055B /* AppDelegate.swift */,
				70D7210829857B820076055B /* SceneDelegate.swift */,
			);
			path = Support;
			sourceTree = "<group>";
		};
		70D720FA29857B820076055B = {
			isa = PBXGroup;
			children = (
				70D7210529857B820076055B /* GHFollowers */,
				70D7210429857B820076055B /* Products */,
			);
			sourceTree = "<group>";
		};
		70D7210429857B820076055B /* Products */ = {
			isa = PBXGroup;
			children = (
				70D7210329857B820076055B /* GHFollowers.app */,
			);
			name = Products;
			sourceTree = "<group>";
		};
		70D7210529857B820076055B /* GHFollowers */ = {
			isa = PBXGroup;
			children = (
				706813D12986FD4500AD1E37 /* Support */,
				706813D02986FCE600AD1E37 /* Extensions */,
				706813CF2986FCAC00AD1E37 /* Custom Views */,
				706813CE2986FC9600AD1E37 /* Screens */,
				70D7210F29857B840076055B /* Assets.xcassets */,
				70D7211129857B840076055B /* LaunchScreen.storyboard */,
				70D7211429857B840076055B /* Info.plist */,
			);
			path = GHFollowers;
			sourceTree = "<group>";
		};
/* End PBXGroup section */

/* Begin PBXNativeTarget section */
		70D7210229857B820076055B /* GHFollowers */ = {
			isa = PBXNativeTarget;
			buildConfigurationList = 70D7211729857B840076055B /* Build configuration list for PBXNativeTarget "GHFollowers" */;
			buildPhases = (
				70D720FF29857B820076055B /* Sources */,
				70D7210029857B820076055B /* Frameworks */,
				70D7210129857B820076055B /* Resources */,
			);
			buildRules = (
			);
			dependencies = (
			);
			name = GHFollowers;
			productName = GHFollowers;
			productReference = 70D7210329857B820076055B /* GHFollowers.app */;
			productType = "com.apple.product-type.application";
		};
/* End PBXNativeTarget section */

/* Begin PBXProject section */
		70D720FB29857B820076055B /* Project object */ = {
			isa = PBXProject;
			attributes = {
				BuildIndependentTargetsInParallel = 1;
				LastSwiftUpdateCheck = 1340;
				LastUpgradeCheck = 1340;
				TargetAttributes = {
					70D7210229857B820076055B = {
						CreatedOnToolsVersion = 13.4.1;
					};
				};
			};
			buildConfigurationList = 70D720FE29857B820076055B /* Build configuration list for PBXProject "GHFollowers" */;
			compatibilityVersion = "Xcode 13.0";
			developmentRegion = en;
			hasScannedForEncodings = 0;
			knownRegions = (
				en,
				Base,
			);
			mainGroup = 70D720FA29857B820076055B;
			productRefGroup = 70D7210429857B820076055B /* Products */;
			projectDirPath = "";
			projectRoot = "";
			targets = (
				70D7210229857B820076055B /* GHFollowers */,
			);
		};
/* End PBXProject section */

/* Begin PBXResourcesBuildPhase section */
		70D7210129857B820076055B /* Resources */ = {
			isa = PBXResourcesBuildPhase;
			buildActionMask = 2147483647;
			files = (
				70D7211329857B840076055B /* LaunchScreen.storyboard in Resources */,
				70D7211029857B840076055B /* Assets.xcassets in Resources */,
			);
			runOnlyForDeploymentPostprocessing = 0;
		};
/* End PBXResourcesBuildPhase section */

/* Begin PBXSourcesBuildPhase section */
		70D720FF29857B820076055B /* Sources */ = {
			isa = PBXSourcesBuildPhase;
			buildActionMask = 2147483647;
			files = (
				70D7212129858CFA0076055B /* GFTextField.swift in Sources */,
				70D7211D298580F80076055B /* FavoritesListVC.swift in Sources */,
				70D7211F29858A700076055B /* GFButton.swift in Sources */,
				70D7211B298580CE0076055B /* SearchVC.swift in Sources */,
				706813CD2986FAE900AD1E37 /* UiViewController+Ext.swift in Sources */,
				706813CB2986D75B00AD1E37 /* GFAlertVC.swift in Sources */,
				706813C92986D64E00AD1E37 /* GFBodyLabel.swift in Sources */,
				706813C72986D4DD00AD1E37 /* GFTitleLabel.swift in Sources */,
				70343F1F298616FF00810D4C /* FollowerListVC.swift in Sources */,
				70D7210729857B820076055B /* AppDelegate.swift in Sources */,
				70D7210929857B820076055B /* SceneDelegate.swift in Sources */,
				706813D32986FEAD00AD1E37 /* GFContainerView.swift in Sources */,
			);
			runOnlyForDeploymentPostprocessing = 0;
		};
/* End PBXSourcesBuildPhase section */

/* Begin PBXVariantGroup section */
		70D7211129857B840076055B /* LaunchScreen.storyboard */ = {
			isa = PBXVariantGroup;
			children = (
				70D7211229857B840076055B /* Base */,
			);
			name = LaunchScreen.storyboard;
			sourceTree = "<group>";
		};
/* End PBXVariantGroup section */

/* Begin XCBuildConfiguration section */
		70D7211529857B840076055B /* Debug */ = {
			isa = XCBuildConfiguration;
			buildSettings = {
				ALWAYS_SEARCH_USER_PATHS = NO;
				CLANG_ANALYZER_NONNULL = YES;
				CLANG_ANALYZER_NUMBER_OBJECT_CONVERSION = YES_AGGRESSIVE;
				CLANG_CXX_LANGUAGE_STANDARD = "gnu++17";
				CLANG_ENABLE_MODULES = YES;
				CLANG_ENABLE_OBJC_ARC = YES;
				CLANG_ENABLE_OBJC_WEAK = YES;
				CLANG_WARN_BLOCK_CAPTURE_AUTORELEASING = YES;
				CLANG_WARN_BOOL_CONVERSION = YES;
				CLANG_WARN_COMMA = YES;
				CLANG_WARN_CONSTANT_CONVERSION = YES;
				CLANG_WARN_DEPRECATED_OBJC_IMPLEMENTATIONS = YES;
				CLANG_WARN_DIRECT_OBJC_ISA_USAGE = YES_ERROR;
				CLANG_WARN_DOCUMENTATION_COMMENTS = YES;
				CLANG_WARN_EMPTY_BODY = YES;
				CLANG_WARN_ENUM_CONVERSION = YES;
				CLANG_WARN_INFINITE_RECURSION = YES;
				CLANG_WARN_INT_CONVERSION = YES;
				CLANG_WARN_NON_LITERAL_NULL_CONVERSION = YES;
				CLANG_WARN_OBJC_IMPLICIT_RETAIN_SELF = YES;
				CLANG_WARN_OBJC_LITERAL_CONVERSION = YES;
				CLANG_WARN_OBJC_ROOT_CLASS = YES_ERROR;
				CLANG_WARN_QUOTED_INCLUDE_IN_FRAMEWORK_HEADER = YES;
				CLANG_WARN_RANGE_LOOP_ANALYSIS = YES;
				CLANG_WARN_STRICT_PROTOTYPES = YES;
				CLANG_WARN_SUSPICIOUS_MOVE = YES;
				CLANG_WARN_UNGUARDED_AVAILABILITY = YES_AGGRESSIVE;
				CLANG_WARN_UNREACHABLE_CODE = YES;
				CLANG_WARN__DUPLICATE_METHOD_MATCH = YES;
				COPY_PHASE_STRIP = NO;
				DEBUG_INFORMATION_FORMAT = dwarf;
				ENABLE_STRICT_OBJC_MSGSEND = YES;
				ENABLE_TESTABILITY = YES;
				GCC_C_LANGUAGE_STANDARD = gnu11;
				GCC_DYNAMIC_NO_PIC = NO;
				GCC_NO_COMMON_BLOCKS = YES;
				GCC_OPTIMIZATION_LEVEL = 0;
				GCC_PREPROCESSOR_DEFINITIONS = (
					"DEBUG=1",
					"$(inherited)",
				);
				GCC_WARN_64_TO_32_BIT_CONVERSION = YES;
				GCC_WARN_ABOUT_RETURN_TYPE = YES_ERROR;
				GCC_WARN_UNDECLARED_SELECTOR = YES;
				GCC_WARN_UNINITIALIZED_AUTOS = YES_AGGRESSIVE;
				GCC_WARN_UNUSED_FUNCTION = YES;
				GCC_WARN_UNUSED_VARIABLE = YES;
				IPHONEOS_DEPLOYMENT_TARGET = 15.5;
				MTL_ENABLE_DEBUG_INFO = INCLUDE_SOURCE;
				MTL_FAST_MATH = YES;
				ONLY_ACTIVE_ARCH = YES;
				SDKROOT = iphoneos;
				SWIFT_ACTIVE_COMPILATION_CONDITIONS = DEBUG;
				SWIFT_OPTIMIZATION_LEVEL = "-Onone";
			};
			name = Debug;
		};
		70D7211629857B840076055B /* Release */ = {
			isa = XCBuildConfiguration;
			buildSettings = {
				ALWAYS_SEARCH_USER_PATHS = NO;
				CLANG_ANALYZER_NONNULL = YES;
				CLANG_ANALYZER_NUMBER_OBJECT_CONVERSION = YES_AGGRESSIVE;
				CLANG_CXX_LANGUAGE_STANDARD = "gnu++17";
				CLANG_ENABLE_MODULES = YES;
				CLANG_ENABLE_OBJC_ARC = YES;
				CLANG_ENABLE_OBJC_WEAK = YES;
				CLANG_WARN_BLOCK_CAPTURE_AUTORELEASING = YES;
				CLANG_WARN_BOOL_CONVERSION = YES;
				CLANG_WARN_COMMA = YES;
				CLANG_WARN_CONSTANT_CONVERSION = YES;
				CLANG_WARN_DEPRECATED_OBJC_IMPLEMENTATIONS = YES;
				CLANG_WARN_DIRECT_OBJC_ISA_USAGE = YES_ERROR;
				CLANG_WARN_DOCUMENTATION_COMMENTS = YES;
				CLANG_WARN_EMPTY_BODY = YES;
				CLANG_WARN_ENUM_CONVERSION = YES;
				CLANG_WARN_INFINITE_RECURSION = YES;
				CLANG_WARN_INT_CONVERSION = YES;
				CLANG_WARN_NON_LITERAL_NULL_CONVERSION = YES;
				CLANG_WARN_OBJC_IMPLICIT_RETAIN_SELF = YES;
				CLANG_WARN_OBJC_LITERAL_CONVERSION = YES;
				CLANG_WARN_OBJC_ROOT_CLASS = YES_ERROR;
				CLANG_WARN_QUOTED_INCLUDE_IN_FRAMEWORK_HEADER = YES;
				CLANG_WARN_RANGE_LOOP_ANALYSIS = YES;
				CLANG_WARN_STRICT_PROTOTYPES = YES;
				CLANG_WARN_SUSPICIOUS_MOVE = YES;
				CLANG_WARN_UNGUARDED_AVAILABILITY = YES_AGGRESSIVE;
				CLANG_WARN_UNREACHABLE_CODE = YES;
				CLANG_WARN__DUPLICATE_METHOD_MATCH = YES;
				COPY_PHASE_STRIP = NO;
				DEBUG_INFORMATION_FORMAT = "dwarf-with-dsym";
				ENABLE_NS_ASSERTIONS = NO;
				ENABLE_STRICT_OBJC_MSGSEND = YES;
				GCC_C_LANGUAGE_STANDARD = gnu11;
				GCC_NO_COMMON_BLOCKS = YES;
				GCC_WARN_64_TO_32_BIT_CONVERSION = YES;
				GCC_WARN_ABOUT_RETURN_TYPE = YES_ERROR;
				GCC_WARN_UNDECLARED_SELECTOR = YES;
				GCC_WARN_UNINITIALIZED_AUTOS = YES_AGGRESSIVE;
				GCC_WARN_UNUSED_FUNCTION = YES;
				GCC_WARN_UNUSED_VARIABLE = YES;
				IPHONEOS_DEPLOYMENT_TARGET = 15.5;
				MTL_ENABLE_DEBUG_INFO = NO;
				MTL_FAST_MATH = YES;
				SDKROOT = iphoneos;
				SWIFT_COMPILATION_MODE = wholemodule;
				SWIFT_OPTIMIZATION_LEVEL = "-O";
				VALIDATE_PRODUCT = YES;
			};
			name = Release;
		};
		70D7211829857B840076055B /* Debug */ = {
			isa = XCBuildConfiguration;
			buildSettings = {
				ASSETCATALOG_COMPILER_APPICON_NAME = AppIcon;
				ASSETCATALOG_COMPILER_GLOBAL_ACCENT_COLOR_NAME = AccentColor;
				CODE_SIGN_STYLE = Automatic;
				CURRENT_PROJECT_VERSION = 1;
				DEVELOPMENT_TEAM = 8YQ258U397;
				GENERATE_INFOPLIST_FILE = YES;
				INFOPLIST_FILE = GHFollowers/Info.plist;
				INFOPLIST_KEY_UIApplicationSupportsIndirectInputEvents = YES;
				INFOPLIST_KEY_UILaunchStoryboardName = LaunchScreen;
				INFOPLIST_KEY_UISupportedInterfaceOrientations = UIInterfaceOrientationPortrait;
				INFOPLIST_KEY_UISupportedInterfaceOrientations_iPad = "UIInterfaceOrientationPortrait UIInterfaceOrientationPortraitUpsideDown UIInterfaceOrientationLandscapeLeft UIInterfaceOrientationLandscapeRight";
				INFOPLIST_KEY_UISupportedInterfaceOrientations_iPhone = "UIInterfaceOrientationPortrait UIInterfaceOrientationLandscapeLeft UIInterfaceOrientationLandscapeRight";
				LD_RUNPATH_SEARCH_PATHS = (
					"$(inherited)",
					"@executable_path/Frameworks",
				);
				MARKETING_VERSION = 1.0;
				PRODUCT_BUNDLE_IDENTIFIER = com.guillermo.GHFollowers;
				PRODUCT_NAME = "$(TARGET_NAME)";
				SWIFT_EMIT_LOC_STRINGS = YES;
				SWIFT_VERSION = 5.0;
				TARGETED_DEVICE_FAMILY = 1;
			};
			name = Debug;
		};
		70D7211929857B840076055B /* Release */ = {
			isa = XCBuildConfiguration;
			buildSettings = {
				ASSETCATALOG_COMPILER_APPICON_NAME = AppIcon;
				ASSETCATALOG_COMPILER_GLOBAL_ACCENT_COLOR_NAME = AccentColor;
				CODE_SIGN_STYLE = Automatic;
				CURRENT_PROJECT_VERSION = 1;
				DEVELOPMENT_TEAM = 8YQ258U397;
				GENERATE_INFOPLIST_FILE = YES;
				INFOPLIST_FILE = GHFollowers/Info.plist;
				INFOPLIST_KEY_UIApplicationSupportsIndirectInputEvents = YES;
				INFOPLIST_KEY_UILaunchStoryboardName = LaunchScreen;
				INFOPLIST_KEY_UISupportedInterfaceOrientations = UIInterfaceOrientationPortrait;
				INFOPLIST_KEY_UISupportedInterfaceOrientations_iPad = "UIInterfaceOrientationPortrait UIInterfaceOrientationPortraitUpsideDown UIInterfaceOrientationLandscapeLeft UIInterfaceOrientationLandscapeRight";
				INFOPLIST_KEY_UISupportedInterfaceOrientations_iPhone = "UIInterfaceOrientationPortrait UIInterfaceOrientationLandscapeLeft UIInterfaceOrientationLandscapeRight";
				LD_RUNPATH_SEARCH_PATHS = (
					"$(inherited)",
					"@executable_path/Frameworks",
				);
				MARKETING_VERSION = 1.0;
				PRODUCT_BUNDLE_IDENTIFIER = com.guillermo.GHFollowers;
				PRODUCT_NAME = "$(TARGET_NAME)";
				SWIFT_EMIT_LOC_STRINGS = YES;
				SWIFT_VERSION = 5.0;
				TARGETED_DEVICE_FAMILY = 1;
			};
			name = Release;
		};
/* End XCBuildConfiguration section */

/* Begin XCConfigurationList section */
		70D720FE29857B820076055B /* Build configuration list for PBXProject "GHFollowers" */ = {
			isa = XCConfigurationList;
			buildConfigurations = (
				70D7211529857B840076055B /* Debug */,
				70D7211629857B840076055B /* Release */,
			);
			defaultConfigurationIsVisible = 0;
			defaultConfigurationName = Release;
		};
		70D7211729857B840076055B /* Build configuration list for PBXNativeTarget "GHFollowers" */ = {
			isa = XCConfigurationList;
			buildConfigurations = (
				70D7211829857B840076055B /* Debug */,
				70D7211929857B840076055B /* Release */,
			);
			defaultConfigurationIsVisible = 0;
			defaultConfigurationName = Release;
		};
/* End XCConfigurationList section */
	};
	rootObject = 70D720FB29857B820076055B /* Project object */;
}
